
Microsoft Visual Studio Solution File, Format Version 12.00
# Visual Studio Version 17
VisualStudioVersion = 17.14.36705.20
MinimumVisualStudioVersion = 10.0.40219.1
Project("{2150E333-8FDC-42A3-9474-1A3956D46DE8}") = "Task0", "Task0", "{02EA681E-C7D8-13C7-8484-4AC65E1B71E8}"
EndProject
Project("{FAE04EC0-301F-11D3-BF4B-00C04F79EFBC}") = "Tyuiu.BurmistrovNS.Sprint6.Task0.V2.Lib", "Tyuiu.BurmistrovNS.Sprint6.Task0.V2.Lib\Tyuiu.BurmistrovNS.Sprint6.Task0.V2.Lib.csproj", "{E556C7CF-098F-4797-98C7-CDE2E384E46E}"
EndProject
Project("{FAE04EC0-301F-11D3-BF4B-00C04F79EFBC}") = "Tyuiu.BurmistrovNS.Sprint6.Task0.V2.Test", "Tyuiu.BurmistrovNS.Sprint6.Task0.V2.Test\Tyuiu.BurmistrovNS.Sprint6.Task0.V2.Test.csproj", "{CCB11DE0-F505-475B-882D-477078E4829F}"
EndProject
Project("{FAE04EC0-301F-11D3-BF4B-00C04F79EFBC}") = "Tyuiu.BurmistrovNS.Sprint6.Task0.V2", "Tyuiu.BurmistrovNS.Sprint6.Task0.V2\Tyuiu.BurmistrovNS.Sprint6.Task0.V2.csproj", "{D88C697F-812E-402D-83F1-1846FBA0F65C}"
EndProject
Project("{2150E333-8FDC-42A3-9474-1A3956D46DE8}") = "Task1", "Task1", "{1D364E49-B4D8-4885-8ECE-7E96CE5CE3DD}"
EndProject
Project("{FAE04EC0-301F-11D3-BF4B-00C04F79EFBC}") = "Tyuiu.BurmistrovNS.Sprint6.Task1.V6.Lib", "Tyuiu.BurmistrovNS.Sprint6.Task1.V6.Lib\Tyuiu.BurmistrovNS.Sprint6.Task1.V6.Lib.csproj", "{2272EB1A-3245-44EA-8141-A2C42228616F}"
EndProject
Project("{FAE04EC0-301F-11D3-BF4B-00C04F79EFBC}") = "Tyuiu.BurmistrovNS.Sprint6.Task1.V6.Test", "Tyuiu.BurmistrovNS.Sprint6.Task1.V6.Test\Tyuiu.BurmistrovNS.Sprint6.Task1.V6.Test.csproj", "{1269C6C3-44ED-4A95-ADC4-B0C272A5716B}"
EndProject
Project("{FAE04EC0-301F-11D3-BF4B-00C04F79EFBC}") = "Tyuiu.BurmistrovNS.Sprint6.Task1.V6", "Tyuiu.BurmistrovNS.Sprint6.Task1.V6\Tyuiu.BurmistrovNS.Sprint6.Task1.V6.csproj", "{1490CEA9-5618-4184-B877-7DB557D0C50A}"
EndProject
Project("{2150E333-8FDC-42A3-9474-1A3956D46DE8}") = "Task2", "Task2", "{D417D715-F0B4-4241-BC15-1619CFBBCEDA}"
EndProject
Project("{FAE04EC0-301F-11D3-BF4B-00C04F79EFBC}") = "Tyuiu.BurmistrovNS.Sprint6.Task2.V8.Lib", "Tyuiu.BurmistrovNS.Sprint6.Task2.V8.Lib\Tyuiu.BurmistrovNS.Sprint6.Task2.V8.Lib.csproj", "{86343E62-44B1-42FE-80DF-89D1A9966BF2}"
EndProject
Project("{FAE04EC0-301F-11D3-BF4B-00C04F79EFBC}") = "Tyuiu.BurmistrovNS.Sprint6.Task2.V8.Test", "Tyuiu.BurmistrovNS.Sprint6.Task2.V8.Test\Tyuiu.BurmistrovNS.Sprint6.Task2.V8.Test.csproj", "{87A5F361-0841-4188-9CB6-8E84D1E9C8DF}"
EndProject
Project("{FAE04EC0-301F-11D3-BF4B-00C04F79EFBC}") = "Tyuiu.BurmistrovNS.Sprint6.Task2.V8", "Tyuiu.BurmistrovNS.Sprint6.Task2.V8\Tyuiu.BurmistrovNS.Sprint6.Task2.V8.csproj", "{193B80BB-2B17-45A1-B9C0-3D0D78D28E3A}"
EndProject
Project("{2150E333-8FDC-42A3-9474-1A3956D46DE8}") = "Task3", "Task3", "{114F40D7-E4A5-4B38-94C4-A31D8E94BDE5}"
EndProject
Project("{FAE04EC0-301F-11D3-BF4B-00C04F79EFBC}") = "Tyuiu.BurmistrovNS.Sprint6.Task3.V30.Lib", "Tyuiu.BurmistrovNS.Sprint6.Task3.V30.Lib\Tyuiu.BurmistrovNS.Sprint6.Task3.V30.Lib.csproj", "{0C321BFB-1F63-44E9-9E7C-690BF8BBD627}"
EndProject
Project("{FAE04EC0-301F-11D3-BF4B-00C04F79EFBC}") = "Tyuiu.BurmistrovNS.Sprint6.Task3.V30.Test", "Tyuiu.BurmistrovNS.Sprint6.Task3.V30.Test\Tyuiu.BurmistrovNS.Sprint6.Task3.V30.Test.csproj", "{2DCA97A4-0AB8-4043-9CBF-DFCE88D6A32D}"
EndProject
Project("{FAE04EC0-301F-11D3-BF4B-00C04F79EFBC}") = "Tyuiu.BurmistrovNS.Sprint6.Task3.V30", "Tyuiu.BurmistrovNS.Sprint6.Task3.V30\Tyuiu.BurmistrovNS.Sprint6.Task3.V30.csproj", "{0018EF4A-AC44-42B8-A8A6-CBD9580647C3}"
EndProject
Project("{2150E333-8FDC-42A3-9474-1A3956D46DE8}") = "Task4", "Task4", "{84826A02-9553-49CD-B5D2-A9FCE4CAF1F0}"
EndProject
Project("{FAE04EC0-301F-11D3-BF4B-00C04F79EFBC}") = "Tyuiu.BurmistrovNS.Sprint6.Task4.V21.Lib", "Tyuiu.BurmistrovNS.Sprint6.Task4.V21.Lib\Tyuiu.BurmistrovNS.Sprint6.Task4.V21.Lib.csproj", "{FE4DD1AD-58BB-4156-AC05-93C68C837592}"
EndProject
Project("{FAE04EC0-301F-11D3-BF4B-00C04F79EFBC}") = "Tyuiu.BurmistrovNS.Sprint6.Task4.V21.Test", "Tyuiu.BurmistrovNS.Sprint6.Task4.V21.Test\Tyuiu.BurmistrovNS.Sprint6.Task4.V21.Test.csproj", "{D7939F26-E46D-48F0-86E6-0DBB9432B9F0}"
EndProject
Project("{FAE04EC0-301F-11D3-BF4B-00C04F79EFBC}") = "Tyuiu.BurmistrovNS.Sprint6.Task4.V21", "Tyuiu.BurmistrovNS.Sprint6.Task4.V21\Tyuiu.BurmistrovNS.Sprint6.Task4.V21.csproj", "{015CFD9B-719C-441C-BD8D-F501249CAD6F}"
EndProject
Project("{2150E333-8FDC-42A3-9474-1A3956D46DE8}") = "Task5", "Task5", "{BFFADBAC-6430-411A-B5F7-6550FDC32215}"
EndProject
Project("{FAE04EC0-301F-11D3-BF4B-00C04F79EFBC}") = "Tyuiu.BurmistrovNS.Sprint6.Task5.V10.Lib", "Tyuiu.BurmistrovNS.Sprint6.Task5.V10.Lib\Tyuiu.BurmistrovNS.Sprint6.Task5.V10.Lib.csproj", "{B4D469CB-5BF7-4A81-ADDE-E67961139451}"
EndProject
Project("{FAE04EC0-301F-11D3-BF4B-00C04F79EFBC}") = "Tyuiu.BurmistrovNS.Sprint6.Task5.V10.Test", "Tyuiu.BurmistrovNS.Sprint6.Task5.V10.Test\Tyuiu.BurmistrovNS.Sprint6.Task5.V10.Test.csproj", "{477DBBC2-340F-43AB-8C31-F790E9EDA7BF}"
EndProject
Project("{FAE04EC0-301F-11D3-BF4B-00C04F79EFBC}") = "Tyuiu.BurmistrovNS.Sprint6.Task5.V10", "Tyuiu.BurmistrovNS.Sprint6.Task5.V10\Tyuiu.BurmistrovNS.Sprint6.Task5.V10.csproj", "{0ACBCFB2-C807-4E86-9AB0-99E9C112693D}"
EndProject
Project("{2150E333-8FDC-42A3-9474-1A3956D46DE8}") = "Task6", "Task6", "{F3C65A92-5C19-403A-ADE8-85A0FF81F636}"
EndProject
Project("{FAE04EC0-301F-11D3-BF4B-00C04F79EFBC}") = "Tyuiu.BurmistrovNS.Sprint6.Task6.V27.Lib", "Tyuiu.BurmistrovNS.Sprint6.Task6.V27.Lib\Tyuiu.BurmistrovNS.Sprint6.Task6.V27.Lib.csproj", "{924A11AE-F955-41F6-827A-855CA89820E7}"
EndProject
Project("{FAE04EC0-301F-11D3-BF4B-00C04F79EFBC}") = "Tyuiu.BurmistrovNS.Sprint6.Task6.V27.Test", "Tyuiu.BurmistrovNS.Sprint6.Task6.V27.Test\Tyuiu.BurmistrovNS.Sprint6.Task6.V27.Test.csproj", "{8EDAEB9E-233D-446C-BA1C-CF030B7E52BE}"
EndProject
Project("{FAE04EC0-301F-11D3-BF4B-00C04F79EFBC}") = "Tyuiu.BurmistrovNS.Sprint6.Task6.V27", "Tyuiu.BurmistrovNS.Spriint6.Task6.V27\Tyuiu.BurmistrovNS.Sprint6.Task6.V27.csproj", "{CFC39C89-9707-40A6-A377-ACCECA418AE1}"
EndProject
Global
	GlobalSection(SolutionConfigurationPlatforms) = preSolution
		Debug|Any CPU = Debug|Any CPU
		Release|Any CPU = Release|Any CPU
	EndGlobalSection
	GlobalSection(ProjectConfigurationPlatforms) = postSolution
		{E556C7CF-098F-4797-98C7-CDE2E384E46E}.Debug|Any CPU.ActiveCfg = Debug|Any CPU
		{E556C7CF-098F-4797-98C7-CDE2E384E46E}.Debug|Any CPU.Build.0 = Debug|Any CPU
		{E556C7CF-098F-4797-98C7-CDE2E384E46E}.Release|Any CPU.ActiveCfg = Release|Any CPU
		{E556C7CF-098F-4797-98C7-CDE2E384E46E}.Release|Any CPU.Build.0 = Release|Any CPU
		{CCB11DE0-F505-475B-882D-477078E4829F}.Debug|Any CPU.ActiveCfg = Debug|Any CPU
		{CCB11DE0-F505-475B-882D-477078E4829F}.Debug|Any CPU.Build.0 = Debug|Any CPU
		{CCB11DE0-F505-475B-882D-477078E4829F}.Release|Any CPU.ActiveCfg = Release|Any CPU
		{CCB11DE0-F505-475B-882D-477078E4829F}.Release|Any CPU.Build.0 = Release|Any CPU
		{D88C697F-812E-402D-83F1-1846FBA0F65C}.Debug|Any CPU.ActiveCfg = Debug|Any CPU
		{D88C697F-812E-402D-83F1-1846FBA0F65C}.Debug|Any CPU.Build.0 = Debug|Any CPU
		{D88C697F-812E-402D-83F1-1846FBA0F65C}.Release|Any CPU.ActiveCfg = Release|Any CPU
		{D88C697F-812E-402D-83F1-1846FBA0F65C}.Release|Any CPU.Build.0 = Release|Any CPU
		{2272EB1A-3245-44EA-8141-A2C42228616F}.Debug|Any CPU.ActiveCfg = Debug|Any CPU
		{2272EB1A-3245-44EA-8141-A2C42228616F}.Debug|Any CPU.Build.0 = Debug|Any CPU
		{2272EB1A-3245-44EA-8141-A2C42228616F}.Release|Any CPU.ActiveCfg = Release|Any CPU
		{2272EB1A-3245-44EA-8141-A2C42228616F}.Release|Any CPU.Build.0 = Release|Any CPU
		{1269C6C3-44ED-4A95-ADC4-B0C272A5716B}.Debug|Any CPU.ActiveCfg = Debug|Any CPU
		{1269C6C3-44ED-4A95-ADC4-B0C272A5716B}.Debug|Any CPU.Build.0 = Debug|Any CPU
		{1269C6C3-44ED-4A95-ADC4-B0C272A5716B}.Release|Any CPU.ActiveCfg = Release|Any CPU
		{1269C6C3-44ED-4A95-ADC4-B0C272A5716B}.Release|Any CPU.Build.0 = Release|Any CPU
		{1490CEA9-5618-4184-B877-7DB557D0C50A}.Debug|Any CPU.ActiveCfg = Debug|Any CPU
		{1490CEA9-5618-4184-B877-7DB557D0C50A}.Debug|Any CPU.Build.0 = Debug|Any CPU
		{1490CEA9-5618-4184-B877-7DB557D0C50A}.Release|Any CPU.ActiveCfg = Release|Any CPU
		{1490CEA9-5618-4184-B877-7DB557D0C50A}.Release|Any CPU.Build.0 = Release|Any CPU
		{86343E62-44B1-42FE-80DF-89D1A9966BF2}.Debug|Any CPU.ActiveCfg = Debug|Any CPU
		{86343E62-44B1-42FE-80DF-89D1A9966BF2}.Debug|Any CPU.Build.0 = Debug|Any CPU
		{86343E62-44B1-42FE-80DF-89D1A9966BF2}.Release|Any CPU.ActiveCfg = Release|Any CPU
		{86343E62-44B1-42FE-80DF-89D1A9966BF2}.Release|Any CPU.Build.0 = Release|Any CPU
		{87A5F361-0841-4188-9CB6-8E84D1E9C8DF}.Debug|Any CPU.ActiveCfg = Debug|Any CPU
		{87A5F361-0841-4188-9CB6-8E84D1E9C8DF}.Debug|Any CPU.Build.0 = Debug|Any CPU
		{87A5F361-0841-4188-9CB6-8E84D1E9C8DF}.Release|Any CPU.ActiveCfg = Release|Any CPU
		{87A5F361-0841-4188-9CB6-8E84D1E9C8DF}.Release|Any CPU.Build.0 = Release|Any CPU
		{193B80BB-2B17-45A1-B9C0-3D0D78D28E3A}.Debug|Any CPU.ActiveCfg = Debug|Any CPU
		{193B80BB-2B17-45A1-B9C0-3D0D78D28E3A}.Debug|Any CPU.Build.0 = Debug|Any CPU
		{193B80BB-2B17-45A1-B9C0-3D0D78D28E3A}.Release|Any CPU.ActiveCfg = Release|Any CPU
		{193B80BB-2B17-45A1-B9C0-3D0D78D28E3A}.Release|Any CPU.Build.0 = Release|Any CPU
		{0C321BFB-1F63-44E9-9E7C-690BF8BBD627}.Debug|Any CPU.ActiveCfg = Debug|Any CPU
		{0C321BFB-1F63-44E9-9E7C-690BF8BBD627}.Debug|Any CPU.Build.0 = Debug|Any CPU
		{0C321BFB-1F63-44E9-9E7C-690BF8BBD627}.Release|Any CPU.ActiveCfg = Release|Any CPU
		{0C321BFB-1F63-44E9-9E7C-690BF8BBD627}.Release|Any CPU.Build.0 = Release|Any CPU
		{2DCA97A4-0AB8-4043-9CBF-DFCE88D6A32D}.Debug|Any CPU.ActiveCfg = Debug|Any CPU
		{2DCA97A4-0AB8-4043-9CBF-DFCE88D6A32D}.Debug|Any CPU.Build.0 = Debug|Any CPU
		{2DCA97A4-0AB8-4043-9CBF-DFCE88D6A32D}.Release|Any CPU.ActiveCfg = Release|Any CPU
		{2DCA97A4-0AB8-4043-9CBF-DFCE88D6A32D}.Release|Any CPU.Build.0 = Release|Any CPU
		{0018EF4A-AC44-42B8-A8A6-CBD9580647C3}.Debug|Any CPU.ActiveCfg = Debug|Any CPU
		{0018EF4A-AC44-42B8-A8A6-CBD9580647C3}.Debug|Any CPU.Build.0 = Debug|Any CPU
		{0018EF4A-AC44-42B8-A8A6-CBD9580647C3}.Release|Any CPU.ActiveCfg = Release|Any CPU
		{0018EF4A-AC44-42B8-A8A6-CBD9580647C3}.Release|Any CPU.Build.0 = Release|Any CPU
		{FE4DD1AD-58BB-4156-AC05-93C68C837592}.Debug|Any CPU.ActiveCfg = Debug|Any CPU
		{FE4DD1AD-58BB-4156-AC05-93C68C837592}.Debug|Any CPU.Build.0 = Debug|Any CPU
		{FE4DD1AD-58BB-4156-AC05-93C68C837592}.Release|Any CPU.ActiveCfg = Release|Any CPU
		{FE4DD1AD-58BB-4156-AC05-93C68C837592}.Release|Any CPU.Build.0 = Release|Any CPU
		{D7939F26-E46D-48F0-86E6-0DBB9432B9F0}.Debug|Any CPU.ActiveCfg = Debug|Any CPU
		{D7939F26-E46D-48F0-86E6-0DBB9432B9F0}.Debug|Any CPU.Build.0 = Debug|Any CPU
		{D7939F26-E46D-48F0-86E6-0DBB9432B9F0}.Release|Any CPU.ActiveCfg = Release|Any CPU
		{D7939F26-E46D-48F0-86E6-0DBB9432B9F0}.Release|Any CPU.Build.0 = Release|Any CPU
		{015CFD9B-719C-441C-BD8D-F501249CAD6F}.Debug|Any CPU.ActiveCfg = Debug|Any CPU
		{015CFD9B-719C-441C-BD8D-F501249CAD6F}.Debug|Any CPU.Build.0 = Debug|Any CPU
		{015CFD9B-719C-441C-BD8D-F501249CAD6F}.Release|Any CPU.ActiveCfg = Release|Any CPU
		{015CFD9B-719C-441C-BD8D-F501249CAD6F}.Release|Any CPU.Build.0 = Release|Any CPU
		{B4D469CB-5BF7-4A81-ADDE-E67961139451}.Debug|Any CPU.ActiveCfg = Debug|Any CPU
		{B4D469CB-5BF7-4A81-ADDE-E67961139451}.Debug|Any CPU.Build.0 = Debug|Any CPU
		{B4D469CB-5BF7-4A81-ADDE-E67961139451}.Release|Any CPU.ActiveCfg = Release|Any CPU
		{B4D469CB-5BF7-4A81-ADDE-E67961139451}.Release|Any CPU.Build.0 = Release|Any CPU
		{477DBBC2-340F-43AB-8C31-F790E9EDA7BF}.Debug|Any CPU.ActiveCfg = Debug|Any CPU
		{477DBBC2-340F-43AB-8C31-F790E9EDA7BF}.Debug|Any CPU.Build.0 = Debug|Any CPU
		{477DBBC2-340F-43AB-8C31-F790E9EDA7BF}.Release|Any CPU.ActiveCfg = Release|Any CPU
		{477DBBC2-340F-43AB-8C31-F790E9EDA7BF}.Release|Any CPU.Build.0 = Release|Any CPU
		{0ACBCFB2-C807-4E86-9AB0-99E9C112693D}.Debug|Any CPU.ActiveCfg = Debug|Any CPU
		{0ACBCFB2-C807-4E86-9AB0-99E9C112693D}.Debug|Any CPU.Build.0 = Debug|Any CPU
		{0ACBCFB2-C807-4E86-9AB0-99E9C112693D}.Release|Any CPU.ActiveCfg = Release|Any CPU
		{0ACBCFB2-C807-4E86-9AB0-99E9C112693D}.Release|Any CPU.Build.0 = Release|Any CPU
		{924A11AE-F955-41F6-827A-855CA89820E7}.Debug|Any CPU.ActiveCfg = Debug|Any CPU
		{924A11AE-F955-41F6-827A-855CA89820E7}.Debug|Any CPU.Build.0 = Debug|Any CPU
		{924A11AE-F955-41F6-827A-855CA89820E7}.Release|Any CPU.ActiveCfg = Release|Any CPU
		{924A11AE-F955-41F6-827A-855CA89820E7}.Release|Any CPU.Build.0 = Release|Any CPU
		{8EDAEB9E-233D-446C-BA1C-CF030B7E52BE}.Debug|Any CPU.ActiveCfg = Debug|Any CPU
		{8EDAEB9E-233D-446C-BA1C-CF030B7E52BE}.Debug|Any CPU.Build.0 = Debug|Any CPU
		{8EDAEB9E-233D-446C-BA1C-CF030B7E52BE}.Release|Any CPU.ActiveCfg = Release|Any CPU
		{8EDAEB9E-233D-446C-BA1C-CF030B7E52BE}.Release|Any CPU.Build.0 = Release|Any CPU
		{CFC39C89-9707-40A6-A377-ACCECA418AE1}.Debug|Any CPU.ActiveCfg = Debug|Any CPU
		{CFC39C89-9707-40A6-A377-ACCECA418AE1}.Debug|Any CPU.Build.0 = Debug|Any CPU
		{CFC39C89-9707-40A6-A377-ACCECA418AE1}.Release|Any CPU.ActiveCfg = Release|Any CPU
		{CFC39C89-9707-40A6-A377-ACCECA418AE1}.Release|Any CPU.Build.0 = Release|Any CPU
	EndGlobalSection
	GlobalSection(SolutionProperties) = preSolution
		HideSolutionNode = FALSE
	EndGlobalSection
	GlobalSection(NestedProjects) = preSolution
		{E556C7CF-098F-4797-98C7-CDE2E384E46E} = {02EA681E-C7D8-13C7-8484-4AC65E1B71E8}
		{CCB11DE0-F505-475B-882D-477078E4829F} = {02EA681E-C7D8-13C7-8484-4AC65E1B71E8}
		{D88C697F-812E-402D-83F1-1846FBA0F65C} = {02EA681E-C7D8-13C7-8484-4AC65E1B71E8}
		{2272EB1A-3245-44EA-8141-A2C42228616F} = {1D364E49-B4D8-4885-8ECE-7E96CE5CE3DD}
		{1269C6C3-44ED-4A95-ADC4-B0C272A5716B} = {1D364E49-B4D8-4885-8ECE-7E96CE5CE3DD}
		{1490CEA9-5618-4184-B877-7DB557D0C50A} = {1D364E49-B4D8-4885-8ECE-7E96CE5CE3DD}
		{86343E62-44B1-42FE-80DF-89D1A9966BF2} = {D417D715-F0B4-4241-BC15-1619CFBBCEDA}
		{87A5F361-0841-4188-9CB6-8E84D1E9C8DF} = {D417D715-F0B4-4241-BC15-1619CFBBCEDA}
		{193B80BB-2B17-45A1-B9C0-3D0D78D28E3A} = {D417D715-F0B4-4241-BC15-1619CFBBCEDA}
		{0C321BFB-1F63-44E9-9E7C-690BF8BBD627} = {114F40D7-E4A5-4B38-94C4-A31D8E94BDE5}
		{2DCA97A4-0AB8-4043-9CBF-DFCE88D6A32D} = {114F40D7-E4A5-4B38-94C4-A31D8E94BDE5}
		{0018EF4A-AC44-42B8-A8A6-CBD9580647C3} = {114F40D7-E4A5-4B38-94C4-A31D8E94BDE5}
		{FE4DD1AD-58BB-4156-AC05-93C68C837592} = {84826A02-9553-49CD-B5D2-A9FCE4CAF1F0}
		{D7939F26-E46D-48F0-86E6-0DBB9432B9F0} = {84826A02-9553-49CD-B5D2-A9FCE4CAF1F0}
		{015CFD9B-719C-441C-BD8D-F501249CAD6F} = {84826A02-9553-49CD-B5D2-A9FCE4CAF1F0}
		{B4D469CB-5BF7-4A81-ADDE-E67961139451} = {BFFADBAC-6430-411A-B5F7-6550FDC32215}
		{477DBBC2-340F-43AB-8C31-F790E9EDA7BF} = {BFFADBAC-6430-411A-B5F7-6550FDC32215}
		{0ACBCFB2-C807-4E86-9AB0-99E9C112693D} = {BFFADBAC-6430-411A-B5F7-6550FDC32215}
		{924A11AE-F955-41F6-827A-855CA89820E7} = {F3C65A92-5C19-403A-ADE8-85A0FF81F636}
		{8EDAEB9E-233D-446C-BA1C-CF030B7E52BE} = {F3C65A92-5C19-403A-ADE8-85A0FF81F636}
		{CFC39C89-9707-40A6-A377-ACCECA418AE1} = {F3C65A92-5C19-403A-ADE8-85A0FF81F636}
	EndGlobalSection
	GlobalSection(ExtensibilityGlobals) = postSolution
		SolutionGuid = {E2C7B9F4-55CD-4FE9-8C6D-B51DFDCB83D4}
	EndGlobalSection
EndGlobal
